
Microsoft Visual Studio Solution File, Format Version 12.00
Project("{FAE04EC0-301F-11D3-BF4B-00C04F79EFBC}") = "Swagger", "src\Swagger\Swagger.csproj", "{FB811C8B-E4F6-4344-AE78-7E1843165268}"
EndProject
Project("{2150E333-8FDC-42A3-9474-1A3956D46DE8}") = "Solution items", "Solution items", "{DBE5B47B-961E-4969-94F4-A2215DB36862}"
	ProjectSection(SolutionItems) = preProject
		.gitignore = .gitignore
		readme.md = readme.md
	EndProjectSection
EndProject
Global
	GlobalSection(SolutionConfigurationPlatforms) = preSolution
		Debug|Any CPU = Debug|Any CPU
		Release|Any CPU = Release|Any CPU
	EndGlobalSection
	GlobalSection(ProjectConfigurationPlatforms) = postSolution
		{FB811C8B-E4F6-4344-AE78-7E1843165268}.Debug|Any CPU.ActiveCfg = Debug|Any CPU
		{FB811C8B-E4F6-4344-AE78-7E1843165268}.Debug|Any CPU.Build.0 = Debug|Any CPU
		{FB811C8B-E4F6-4344-AE78-7E1843165268}.Release|Any CPU.ActiveCfg = Release|Any CPU
		{FB811C8B-E4F6-4344-AE78-7E1843165268}.Release|Any CPU.Build.0 = Release|Any CPU
	EndGlobalSection
EndGlobal
